<?xml version="1.0" encoding="utf-8"?>
<Project ToolsVersion="4.0" xmlns="http://schemas.microsoft.com/developer/msbuild/2003">
  <ItemGroup>
    <Filter Include="Source Files">
      <UniqueIdentifier>{4FC737F1-C7A5-4376-A066-2A32D752A2FF}</UniqueIdentifier>
      <Extensions>cpp;c;cc;cxx;c++;cppm;ixx;def;odl;idl;hpj;bat;asm;asmx</Extensions>
    </Filter>
    <Filter Include="Header Files">
      <UniqueIdentifier>{93995380-89BD-4b04-88EB-625FBE52EBFB}</UniqueIdentifier>
      <Extensions>h;hh;hpp;hxx;h++;hm;inl;inc;ipp;xsd</Extensions>
    </Filter>
    <Filter Include="external">
      <UniqueIdentifier>{c37b38ab-6dcf-40e9-8c93-d22cd30ab721}</UniqueIdentifier>
    </Filter>
    <Filter Include="external\nlohmann">
      <UniqueIdentifier>{eb8fd23f-4ffb-4eac-9dd7-06bcbd66566c}</UniqueIdentifier>
    </Filter>
    <Filter Include="external\RichText">
      <UniqueIdentifier>{a2bd6c4e-ad3d-4841-9f74-3d4468d5f161}</UniqueIdentifier>
    </Filter>
    <Filter Include="library">
      <UniqueIdentifier>{70f2638e-2611-4767-850e-6335961bb298}</UniqueIdentifier>
    </Filter>
    <Filter Include="model">
      <UniqueIdentifier>{5c75d92f-d737-454a-9652-ffdf82b5c823}</UniqueIdentifier>
    </Filter>
    <Filter Include="text">
      <UniqueIdentifier>{0025e61b-e6ee-45e3-9e87-70ae153f5140}</UniqueIdentifier>
    </Filter>
  </ItemGroup>
  <ItemGroup>
    <ClCompile Include="source\main.cpp">
      <Filter>Source Files</Filter>
    </ClCompile>
    <ClCompile Include="source\system\manager.cpp">
      <Filter>Source Files</Filter>
    </ClCompile>
    <ClCompile Include="source\system\external\RichText\RichText.cpp">
      <Filter>external\RichText</Filter>
    </ClCompile>
    <ClCompile Include="source\system\text\text.cpp">
      <Filter>text</Filter>
    </ClCompile>
    <ClCompile Include="source\system\model\model.cpp">
      <Filter>model</Filter>
    </ClCompile>
    <ClCompile Include="source\system\library\json.cpp">
      <Filter>library</Filter>
    </ClCompile>
    <ClCompile Include="source\system\model\texture.cpp">
      <Filter>model</Filter>
    </ClCompile>
  </ItemGroup>
  <ItemGroup>
    <ClInclude Include="source\system\manager.hpp">
      <Filter>Header Files</Filter>
    </ClInclude>
    <ClInclude Include="source\system\external\nlohmann\json.hpp">
      <Filter>external\nlohmann</Filter>
    </ClInclude>
    <ClInclude Include="source\system\external\RichText\RichText.hpp">
      <Filter>external\RichText</Filter>
    </ClInclude>
    <ClInclude Include="source\system\text\text.hpp">
      <Filter>text</Filter>
    </ClInclude>
    <ClInclude Include="source\system\model\model.hpp">
      <Filter>model</Filter>
    </ClInclude>
    <ClInclude Include="source\system\library\json.hpp">
      <Filter>library</Filter>
    </ClInclude>
    <ClInclude Include="source\system\model\texture.hpp">
      <Filter>model</Filter>
    </ClInclude>
  </ItemGroup>
</Project>